// !$*UTF8*$!
{
	archiveVersion = 1;
	classes = {
	};
	objectVersion = 55;
	objects = {

/* Begin PBXBuildFile section */
		1B07348428790547008C7F97 /* MyLegacyApp.swift in Sources */ = {isa = PBXBuildFile; fileRef = 1B07348328790547008C7F97 /* MyLegacyApp.swift */; };
		1B07348628790547008C7F97 /* ContentView.swift in Sources */ = {isa = PBXBuildFile; fileRef = 1B07348528790547008C7F97 /* ContentView.swift */; };
		1B07348828790548008C7F97 /* Assets.xcassets in Resources */ = {isa = PBXBuildFile; fileRef = 1B07348728790548008C7F97 /* Assets.xcassets */; };
		1B07348B28790548008C7F97 /* Preview Assets.xcassets in Resources */ = {isa = PBXBuildFile; fileRef = 1B07348A28790548008C7F97 /* Preview Assets.xcassets */; };
		1B07349528790548008C7F97 /* MyLegacyTests.swift in Sources */ = {isa = PBXBuildFile; fileRef = 1B07349428790548008C7F97 /* MyLegacyTests.swift */; };
		1B07349F28790548008C7F97 /* MyLegacyUITests.swift in Sources */ = {isa = PBXBuildFile; fileRef = 1B07349E28790548008C7F97 /* MyLegacyUITests.swift */; };
		1B0734A128790548008C7F97 /* MyLegacyUITestsLaunchTests.swift in Sources */ = {isa = PBXBuildFile; fileRef = 1B0734A028790548008C7F97 /* MyLegacyUITestsLaunchTests.swift */; };
		1B0734AE287905C9008C7F97 /* SplashScreen.swift in Sources */ = {isa = PBXBuildFile; fileRef = 1B0734AD287905C9008C7F97 /* SplashScreen.swift */; };
		1B0734B028790C32008C7F97 /* zyzz.png in Resources */ = {isa = PBXBuildFile; fileRef = 1B0734AF28790C32008C7F97 /* zyzz.png */; };
		1B0734B228793A3E008C7F97 /* FirstTime.swift in Sources */ = {isa = PBXBuildFile; fileRef = 1B0734B128793A3E008C7F97 /* FirstTime.swift */; };
		1B0734B4287D2CE7008C7F97 /* RegisterScreen.swift in Sources */ = {isa = PBXBuildFile; fileRef = 1B0734B3287D2CE7008C7F97 /* RegisterScreen.swift */; };
		1B0734B6287F8A06008C7F97 /* HomeScreen.swift in Sources */ = {isa = PBXBuildFile; fileRef = 1B0734B5287F8A06008C7F97 /* HomeScreen.swift */; };
		1B41E029288E51BD000BCCEB /* WorkoutCard.swift in Sources */ = {isa = PBXBuildFile; fileRef = 1B41E028288E51BD000BCCEB /* WorkoutCard.swift */; };
		1B41E02B288E6429000BCCEB /* WorkoutModel.swift in Sources */ = {isa = PBXBuildFile; fileRef = 1B41E02A288E6429000BCCEB /* WorkoutModel.swift */; };
/* End PBXBuildFile section */

/* Begin PBXContainerItemProxy section */
		1B07349128790548008C7F97 /* PBXContainerItemProxy */ = {
			isa = PBXContainerItemProxy;
			containerPortal = 1B07347828790546008C7F97 /* Project object */;
			proxyType = 1;
			remoteGlobalIDString = 1B07347F28790547008C7F97;
			remoteInfo = MyLegacy;
		};
		1B07349B28790548008C7F97 /* PBXContainerItemProxy */ = {
			isa = PBXContainerItemProxy;
			containerPortal = 1B07347828790546008C7F97 /* Project object */;
			proxyType = 1;
			remoteGlobalIDString = 1B07347F28790547008C7F97;
			remoteInfo = MyLegacy;
		};
/* End PBXContainerItemProxy section */

/* Begin PBXFileReference section */
		1B07348028790547008C7F97 /* MyLegacy.app */ = {isa = PBXFileReference; explicitFileType = wrapper.application; includeInIndex = 0; path = MyLegacy.app; sourceTree = BUILT_PRODUCTS_DIR; };
		1B07348328790547008C7F97 /* MyLegacyApp.swift */ = {isa = PBXFileReference; lastKnownFileType = sourcecode.swift; path = MyLegacyApp.swift; sourceTree = "<group>"; };
		1B07348528790547008C7F97 /* ContentView.swift */ = {isa = PBXFileReference; lastKnownFileType = sourcecode.swift; path = ContentView.swift; sourceTree = "<group>"; };
		1B07348728790548008C7F97 /* Assets.xcassets */ = {isa = PBXFileReference; lastKnownFileType = folder.assetcatalog; path = Assets.xcassets; sourceTree = "<group>"; };
		1B07348A28790548008C7F97 /* Preview Assets.xcassets */ = {isa = PBXFileReference; lastKnownFileType = folder.assetcatalog; path = "Preview Assets.xcassets"; sourceTree = "<group>"; };
		1B07349028790548008C7F97 /* MyLegacyTests.xctest */ = {isa = PBXFileReference; explicitFileType = wrapper.cfbundle; includeInIndex = 0; path = MyLegacyTests.xctest; sourceTree = BUILT_PRODUCTS_DIR; };
		1B07349428790548008C7F97 /* MyLegacyTests.swift */ = {isa = PBXFileReference; lastKnownFileType = sourcecode.swift; path = MyLegacyTests.swift; sourceTree = "<group>"; };
		1B07349A28790548008C7F97 /* MyLegacyUITests.xctest */ = {isa = PBXFileReference; explicitFileType = wrapper.cfbundle; includeInIndex = 0; path = MyLegacyUITests.xctest; sourceTree = BUILT_PRODUCTS_DIR; };
		1B07349E28790548008C7F97 /* MyLegacyUITests.swift */ = {isa = PBXFileReference; lastKnownFileType = sourcecode.swift; path = MyLegacyUITests.swift; sourceTree = "<group>"; };
		1B0734A028790548008C7F97 /* MyLegacyUITestsLaunchTests.swift */ = {isa = PBXFileReference; lastKnownFileType = sourcecode.swift; path = MyLegacyUITestsLaunchTests.swift; sourceTree = "<group>"; };
		1B0734AD287905C9008C7F97 /* SplashScreen.swift */ = {isa = PBXFileReference; lastKnownFileType = sourcecode.swift; path = SplashScreen.swift; sourceTree = "<group>"; };
		1B0734AF28790C32008C7F97 /* zyzz.png */ = {isa = PBXFileReference; lastKnownFileType = image.png; name = zyzz.png; path = ../../../zyzz.png; sourceTree = "<group>"; };
		1B0734B128793A3E008C7F97 /* FirstTime.swift */ = {isa = PBXFileReference; lastKnownFileType = sourcecode.swift; path = FirstTime.swift; sourceTree = "<group>"; };
		1B0734B3287D2CE7008C7F97 /* RegisterScreen.swift */ = {isa = PBXFileReference; lastKnownFileType = sourcecode.swift; path = RegisterScreen.swift; sourceTree = "<group>"; };
		1B0734B5287F8A06008C7F97 /* HomeScreen.swift */ = {isa = PBXFileReference; lastKnownFileType = sourcecode.swift; path = HomeScreen.swift; sourceTree = "<group>"; };
		1B41E028288E51BD000BCCEB /* WorkoutCard.swift */ = {isa = PBXFileReference; lastKnownFileType = sourcecode.swift; path = WorkoutCard.swift; sourceTree = "<group>"; };
		1B41E02A288E6429000BCCEB /* WorkoutModel.swift */ = {isa = PBXFileReference; lastKnownFileType = sourcecode.swift; path = WorkoutModel.swift; sourceTree = "<group>"; };
/* End PBXFileReference section */

/* Begin PBXFrameworksBuildPhase section */
		1B07347D28790547008C7F97 /* Frameworks */ = {
			isa = PBXFrameworksBuildPhase;
			buildActionMask = 2147483647;
			files = (
			);
			runOnlyForDeploymentPostprocessing = 0;
		};
		1B07348D28790548008C7F97 /* Frameworks */ = {
			isa = PBXFrameworksBuildPhase;
			buildActionMask = 2147483647;
			files = (
			);
			runOnlyForDeploymentPostprocessing = 0;
		};
		1B07349728790548008C7F97 /* Frameworks */ = {
			isa = PBXFrameworksBuildPhase;
			buildActionMask = 2147483647;
			files = (
			);
			runOnlyForDeploymentPostprocessing = 0;
		};
/* End PBXFrameworksBuildPhase section */

/* Begin PBXGroup section */
		1B07347728790546008C7F97 = {
			isa = PBXGroup;
			children = (
				1B07348228790547008C7F97 /* MyLegacy */,
				1B07349328790548008C7F97 /* MyLegacyTests */,
				1B07349D28790548008C7F97 /* MyLegacyUITests */,
				1B07348128790547008C7F97 /* Products */,
			);
			sourceTree = "<group>";
		};
		1B07348128790547008C7F97 /* Products */ = {
			isa = PBXGroup;
			children = (
				1B07348028790547008C7F97 /* MyLegacy.app */,
				1B07349028790548008C7F97 /* MyLegacyTests.xctest */,
				1B07349A28790548008C7F97 /* MyLegacyUITests.xctest */,
			);
			name = Products;
			sourceTree = "<group>";
		};
		1B07348228790547008C7F97 /* MyLegacy */ = {
			isa = PBXGroup;
			children = (
				1B0734B5287F8A06008C7F97 /* HomeScreen.swift */,
				1B07348328790547008C7F97 /* MyLegacyApp.swift */,
				1B0734AD287905C9008C7F97 /* SplashScreen.swift */,
				1B07348528790547008C7F97 /* ContentView.swift */,
				1B0734B128793A3E008C7F97 /* FirstTime.swift */,
				1B07348728790548008C7F97 /* Assets.xcassets */,
				1B0734AF28790C32008C7F97 /* zyzz.png */,
				1B07348928790548008C7F97 /* Preview Content */,
				1B0734B3287D2CE7008C7F97 /* RegisterScreen.swift */,
				1B41E028288E51BD000BCCEB /* WorkoutCard.swift */,
				1B41E02A288E6429000BCCEB /* WorkoutModel.swift */,
			);
			path = MyLegacy;
			sourceTree = "<group>";
		};
		1B07348928790548008C7F97 /* Preview Content */ = {
			isa = PBXGroup;
			children = (
				1B07348A28790548008C7F97 /* Preview Assets.xcassets */,
			);
			path = "Preview Content";
			sourceTree = "<group>";
		};
		1B07349328790548008C7F97 /* MyLegacyTests */ = {
			isa = PBXGroup;
			children = (
				1B07349428790548008C7F97 /* MyLegacyTests.swift */,
			);
			path = MyLegacyTests;
			sourceTree = "<group>";
		};
		1B07349D28790548008C7F97 /* MyLegacyUITests */ = {
			isa = PBXGroup;
			children = (
				1B07349E28790548008C7F97 /* MyLegacyUITests.swift */,
				1B0734A028790548008C7F97 /* MyLegacyUITestsLaunchTests.swift */,
			);
			path = MyLegacyUITests;
			sourceTree = "<group>";
		};
/* End PBXGroup section */

/* Begin PBXNativeTarget section */
		1B07347F28790547008C7F97 /* MyLegacy */ = {
			isa = PBXNativeTarget;
			buildConfigurationList = 1B0734A428790548008C7F97 /* Build configuration list for PBXNativeTarget "MyLegacy" */;
			buildPhases = (
				1B07347C28790547008C7F97 /* Sources */,
				1B07347D28790547008C7F97 /* Frameworks */,
				1B07347E28790547008C7F97 /* Resources */,
			);
			buildRules = (
			);
			dependencies = (
			);
			name = MyLegacy;
			productName = MyLegacy;
			productReference = 1B07348028790547008C7F97 /* MyLegacy.app */;
			productType = "com.apple.product-type.application";
		};
		1B07348F28790548008C7F97 /* MyLegacyTests */ = {
			isa = PBXNativeTarget;
			buildConfigurationList = 1B0734A728790548008C7F97 /* Build configuration list for PBXNativeTarget "MyLegacyTests" */;
			buildPhases = (
				1B07348C28790548008C7F97 /* Sources */,
				1B07348D28790548008C7F97 /* Frameworks */,
				1B07348E28790548008C7F97 /* Resources */,
			);
			buildRules = (
			);
			dependencies = (
				1B07349228790548008C7F97 /* PBXTargetDependency */,
			);
			name = MyLegacyTests;
			productName = MyLegacyTests;
			productReference = 1B07349028790548008C7F97 /* MyLegacyTests.xctest */;
			productType = "com.apple.product-type.bundle.unit-test";
		};
		1B07349928790548008C7F97 /* MyLegacyUITests */ = {
			isa = PBXNativeTarget;
			buildConfigurationList = 1B0734AA28790548008C7F97 /* Build configuration list for PBXNativeTarget "MyLegacyUITests" */;
			buildPhases = (
				1B07349628790548008C7F97 /* Sources */,
				1B07349728790548008C7F97 /* Frameworks */,
				1B07349828790548008C7F97 /* Resources */,
			);
			buildRules = (
			);
			dependencies = (
				1B07349C28790548008C7F97 /* PBXTargetDependency */,
			);
			name = MyLegacyUITests;
			productName = MyLegacyUITests;
			productReference = 1B07349A28790548008C7F97 /* MyLegacyUITests.xctest */;
			productType = "com.apple.product-type.bundle.ui-testing";
		};
/* End PBXNativeTarget section */

/* Begin PBXProject section */
		1B07347828790546008C7F97 /* Project object */ = {
			isa = PBXProject;
			attributes = {
				BuildIndependentTargetsInParallel = 1;
				LastSwiftUpdateCheck = 1340;
				LastUpgradeCheck = 1340;
				TargetAttributes = {
					1B07347F28790547008C7F97 = {
						CreatedOnToolsVersion = 13.4.1;
					};
					1B07348F28790548008C7F97 = {
						CreatedOnToolsVersion = 13.4.1;
						TestTargetID = 1B07347F28790547008C7F97;
					};
					1B07349928790548008C7F97 = {
						CreatedOnToolsVersion = 13.4.1;
						TestTargetID = 1B07347F28790547008C7F97;
					};
				};
			};
			buildConfigurationList = 1B07347B28790546008C7F97 /* Build configuration list for PBXProject "MyLegacy" */;
			compatibilityVersion = "Xcode 13.0";
			developmentRegion = en;
			hasScannedForEncodings = 0;
			knownRegions = (
				en,
				Base,
			);
			mainGroup = 1B07347728790546008C7F97;
			productRefGroup = 1B07348128790547008C7F97 /* Products */;
			projectDirPath = "";
			projectRoot = "";
			targets = (
				1B07347F28790547008C7F97 /* MyLegacy */,
				1B07348F28790548008C7F97 /* MyLegacyTests */,
				1B07349928790548008C7F97 /* MyLegacyUITests */,
			);
		};
/* End PBXProject section */

/* Begin PBXResourcesBuildPhase section */
		1B07347E28790547008C7F97 /* Resources */ = {
			isa = PBXResourcesBuildPhase;
			buildActionMask = 2147483647;
			files = (
				1B07348B28790548008C7F97 /* Preview Assets.xcassets in Resources */,
				1B07348828790548008C7F97 /* Assets.xcassets in Resources */,
				1B0734B028790C32008C7F97 /* zyzz.png in Resources */,
			);
			runOnlyForDeploymentPostprocessing = 0;
		};
		1B07348E28790548008C7F97 /* Resources */ = {
			isa = PBXResourcesBuildPhase;
			buildActionMask = 2147483647;
			files = (
			);
			runOnlyForDeploymentPostprocessing = 0;
		};
		1B07349828790548008C7F97 /* Resources */ = {
			isa = PBXResourcesBuildPhase;
			buildActionMask = 2147483647;
			files = (
			);
			runOnlyForDeploymentPostprocessing = 0;
		};
/* End PBXResourcesBuildPhase section */

/* Begin PBXSourcesBuildPhase section */
		1B07347C28790547008C7F97 /* Sources */ = {
			isa = PBXSourcesBuildPhase;
			buildActionMask = 2147483647;
			files = (
				1B0734B4287D2CE7008C7F97 /* RegisterScreen.swift in Sources */,
				1B41E02B288E6429000BCCEB /* WorkoutModel.swift in Sources */,
				1B07348628790547008C7F97 /* ContentView.swift in Sources */,
				1B41E029288E51BD000BCCEB /* WorkoutCard.swift in Sources */,
				1B0734B6287F8A06008C7F97 /* HomeScreen.swift in Sources */,
				1B0734B228793A3E008C7F97 /* FirstTime.swift in Sources */,
				1B0734AE287905C9008C7F97 /* SplashScreen.swift in Sources */,
				1B07348428790547008C7F97 /* MyLegacyApp.swift in Sources */,
			);
			runOnlyForDeploymentPostprocessing = 0;
		};
		1B07348C28790548008C7F97 /* Sources */ = {
			isa = PBXSourcesBuildPhase;
			buildActionMask = 2147483647;
			files = (
				1B07349528790548008C7F97 /* MyLegacyTests.swift in Sources */,
			);
			runOnlyForDeploymentPostprocessing = 0;
		};
		1B07349628790548008C7F97 /* Sources */ = {
			isa = PBXSourcesBuildPhase;
			buildActionMask = 2147483647;
			files = (
				1B0734A128790548008C7F97 /* MyLegacyUITestsLaunchTests.swift in Sources */,
				1B07349F28790548008C7F97 /* MyLegacyUITests.swift in Sources */,
			);
			runOnlyForDeploymentPostprocessing = 0;
		};
/* End PBXSourcesBuildPhase section */

/* Begin PBXTargetDependency section */
		1B07349228790548008C7F97 /* PBXTargetDependency */ = {
			isa = PBXTargetDependency;
			target = 1B07347F28790547008C7F97 /* MyLegacy */;
			targetProxy = 1B07349128790548008C7F97 /* PBXContainerItemProxy */;
		};
		1B07349C28790548008C7F97 /* PBXTargetDependency */ = {
			isa = PBXTargetDependency;
			target = 1B07347F28790547008C7F97 /* MyLegacy */;
			targetProxy = 1B07349B28790548008C7F97 /* PBXContainerItemProxy */;
		};
/* End PBXTargetDependency section */

/* Begin XCBuildConfiguration section */
		1B0734A228790548008C7F97 /* Debug */ = {
			isa = XCBuildConfiguration;
			buildSettings = {
				ALWAYS_SEARCH_USER_PATHS = NO;
				CLANG_ANALYZER_NONNULL = YES;
				CLANG_ANALYZER_NUMBER_OBJECT_CONVERSION = YES_AGGRESSIVE;
				CLANG_CXX_LANGUAGE_STANDARD = "gnu++17";
				CLANG_ENABLE_MODULES = YES;
				CLANG_ENABLE_OBJC_ARC = YES;
				CLANG_ENABLE_OBJC_WEAK = YES;
				CLANG_WARN_BLOCK_CAPTURE_AUTORELEASING = YES;
				CLANG_WARN_BOOL_CONVERSION = YES;
				CLANG_WARN_COMMA = YES;
				CLANG_WARN_CONSTANT_CONVERSION = YES;
				CLANG_WARN_DEPRECATED_OBJC_IMPLEMENTATIONS = YES;
				CLANG_WARN_DIRECT_OBJC_ISA_USAGE = YES_ERROR;
				CLANG_WARN_DOCUMENTATION_COMMENTS = YES;
				CLANG_WARN_EMPTY_BODY = YES;
				CLANG_WARN_ENUM_CONVERSION = YES;
				CLANG_WARN_INFINITE_RECURSION = YES;
				CLANG_WARN_INT_CONVERSION = YES;
				CLANG_WARN_NON_LITERAL_NULL_CONVERSION = YES;
				CLANG_WARN_OBJC_IMPLICIT_RETAIN_SELF = YES;
				CLANG_WARN_OBJC_LITERAL_CONVERSION = YES;
				CLANG_WARN_OBJC_ROOT_CLASS = YES_ERROR;
				CLANG_WARN_QUOTED_INCLUDE_IN_FRAMEWORK_HEADER = YES;
				CLANG_WARN_RANGE_LOOP_ANALYSIS = YES;
				CLANG_WARN_STRICT_PROTOTYPES = YES;
				CLANG_WARN_SUSPICIOUS_MOVE = YES;
				CLANG_WARN_UNGUARDED_AVAILABILITY = YES_AGGRESSIVE;
				CLANG_WARN_UNREACHABLE_CODE = YES;
				CLANG_WARN__DUPLICATE_METHOD_MATCH = YES;
				COPY_PHASE_STRIP = NO;
				DEBUG_INFORMATION_FORMAT = dwarf;
				ENABLE_STRICT_OBJC_MSGSEND = YES;
				ENABLE_TESTABILITY = YES;
				GCC_C_LANGUAGE_STANDARD = gnu11;
				GCC_DYNAMIC_NO_PIC = NO;
				GCC_NO_COMMON_BLOCKS = YES;
				GCC_OPTIMIZATION_LEVEL = 0;
				GCC_PREPROCESSOR_DEFINITIONS = (
					"DEBUG=1",
					"$(inherited)",
				);
				GCC_WARN_64_TO_32_BIT_CONVERSION = YES;
				GCC_WARN_ABOUT_RETURN_TYPE = YES_ERROR;
				GCC_WARN_UNDECLARED_SELECTOR = YES;
				GCC_WARN_UNINITIALIZED_AUTOS = YES_AGGRESSIVE;
				GCC_WARN_UNUSED_FUNCTION = YES;
				GCC_WARN_UNUSED_VARIABLE = YES;
				IPHONEOS_DEPLOYMENT_TARGET = 15.5;
				MTL_ENABLE_DEBUG_INFO = INCLUDE_SOURCE;
				MTL_FAST_MATH = YES;
				ONLY_ACTIVE_ARCH = YES;
				SDKROOT = iphoneos;
				SWIFT_ACTIVE_COMPILATION_CONDITIONS = DEBUG;
				SWIFT_OPTIMIZATION_LEVEL = "-Onone";
			};
			name = Debug;
		};
		1B0734A328790548008C7F97 /* Release */ = {
			isa = XCBuildConfiguration;
			buildSettings = {
				ALWAYS_SEARCH_USER_PATHS = NO;
				CLANG_ANALYZER_NONNULL = YES;
				CLANG_ANALYZER_NUMBER_OBJECT_CONVERSION = YES_AGGRESSIVE;
				CLANG_CXX_LANGUAGE_STANDARD = "gnu++17";
				CLANG_ENABLE_MODULES = YES;
				CLANG_ENABLE_OBJC_ARC = YES;
				CLANG_ENABLE_OBJC_WEAK = YES;
				CLANG_WARN_BLOCK_CAPTURE_AUTORELEASING = YES;
				CLANG_WARN_BOOL_CONVERSION = YES;
				CLANG_WARN_COMMA = YES;
				CLANG_WARN_CONSTANT_CONVERSION = YES;
				CLANG_WARN_DEPRECATED_OBJC_IMPLEMENTATIONS = YES;
				CLANG_WARN_DIRECT_OBJC_ISA_USAGE = YES_ERROR;
				CLANG_WARN_DOCUMENTATION_COMMENTS = YES;
				CLANG_WARN_EMPTY_BODY = YES;
				CLANG_WARN_ENUM_CONVERSION = YES;
				CLANG_WARN_INFINITE_RECURSION = YES;
				CLANG_WARN_INT_CONVERSION = YES;
				CLANG_WARN_NON_LITERAL_NULL_CONVERSION = YES;
				CLANG_WARN_OBJC_IMPLICIT_RETAIN_SELF = YES;
				CLANG_WARN_OBJC_LITERAL_CONVERSION = YES;
				CLANG_WARN_OBJC_ROOT_CLASS = YES_ERROR;
				CLANG_WARN_QUOTED_INCLUDE_IN_FRAMEWORK_HEADER = YES;
				CLANG_WARN_RANGE_LOOP_ANALYSIS = YES;
				CLANG_WARN_STRICT_PROTOTYPES = YES;
				CLANG_WARN_SUSPICIOUS_MOVE = YES;
				CLANG_WARN_UNGUARDED_AVAILABILITY = YES_AGGRESSIVE;
				CLANG_WARN_UNREACHABLE_CODE = YES;
				CLANG_WARN__DUPLICATE_METHOD_MATCH = YES;
				COPY_PHASE_STRIP = NO;
				DEBUG_INFORMATION_FORMAT = "dwarf-with-dsym";
				ENABLE_NS_ASSERTIONS = NO;
				ENABLE_STRICT_OBJC_MSGSEND = YES;
				GCC_C_LANGUAGE_STANDARD = gnu11;
				GCC_NO_COMMON_BLOCKS = YES;
				GCC_WARN_64_TO_32_BIT_CONVERSION = YES;
				GCC_WARN_ABOUT_RETURN_TYPE = YES_ERROR;
				GCC_WARN_UNDECLARED_SELECTOR = YES;
				GCC_WARN_UNINITIALIZED_AUTOS = YES_AGGRESSIVE;
				GCC_WARN_UNUSED_FUNCTION = YES;
				GCC_WARN_UNUSED_VARIABLE = YES;
				IPHONEOS_DEPLOYMENT_TARGET = 15.5;
				MTL_ENABLE_DEBUG_INFO = NO;
				MTL_FAST_MATH = YES;
				SDKROOT = iphoneos;
				SWIFT_COMPILATION_MODE = wholemodule;
				SWIFT_OPTIMIZATION_LEVEL = "-O";
				VALIDATE_PRODUCT = YES;
			};
			name = Release;
		};
		1B0734A528790548008C7F97 /* Debug */ = {
			isa = XCBuildConfiguration;
			buildSettings = {
				ASSETCATALOG_COMPILER_APPICON_NAME = AppIcon;
				ASSETCATALOG_COMPILER_GLOBAL_ACCENT_COLOR_NAME = AccentColor;
				CODE_SIGN_STYLE = Automatic;
				CURRENT_PROJECT_VERSION = 1;
				DEVELOPMENT_ASSET_PATHS = "\"MyLegacy/Preview Content\"";
				ENABLE_PREVIEWS = YES;
				GENERATE_INFOPLIST_FILE = YES;
				INFOPLIST_KEY_UIApplicationSceneManifest_Generation = YES;
				INFOPLIST_KEY_UIApplicationSupportsIndirectInputEvents = YES;
				INFOPLIST_KEY_UILaunchScreen_Generation = YES;
				INFOPLIST_KEY_UISupportedInterfaceOrientations_iPad = "UIInterfaceOrientationPortrait UIInterfaceOrientationPortraitUpsideDown UIInterfaceOrientationLandscapeLeft UIInterfaceOrientationLandscapeRight";
				INFOPLIST_KEY_UISupportedInterfaceOrientations_iPhone = "UIInterfaceOrientationPortrait UIInterfaceOrientationLandscapeLeft UIInterfaceOrientationLandscapeRight";
				LD_RUNPATH_SEARCH_PATHS = (
					"$(inherited)",
					"@executable_path/Frameworks",
				);
				MARKETING_VERSION = 1.0;
				PRODUCT_BUNDLE_IDENTIFIER = aevin.MyLegacy;
				PRODUCT_NAME = "$(TARGET_NAME)";
				SWIFT_EMIT_LOC_STRINGS = YES;
				SWIFT_VERSION = 5.0;
				TARGETED_DEVICE_FAMILY = "1,2";
			};
			name = Debug;
		};
		1B0734A628790548008C7F97 /* Release */ = {
			isa = XCBuildConfiguration;
			buildSettings = {
				ASSETCATALOG_COMPILER_APPICON_NAME = AppIcon;
				ASSETCATALOG_COMPILER_GLOBAL_ACCENT_COLOR_NAME = AccentColor;
				CODE_SIGN_STYLE = Automatic;
				CURRENT_PROJECT_VERSION = 1;
				DEVELOPMENT_ASSET_PATHS = "\"MyLegacy/Preview Content\"";
				ENABLE_PREVIEWS = YES;
				GENERATE_INFOPLIST_FILE = YES;
				INFOPLIST_KEY_UIApplicationSceneManifest_Generation = YES;
				INFOPLIST_KEY_UIApplicationSupportsIndirectInputEvents = YES;
				INFOPLIST_KEY_UILaunchScreen_Generation = YES;
				INFOPLIST_KEY_UISupportedInterfaceOrientations_iPad = "UIInterfaceOrientationPortrait UIInterfaceOrientationPortraitUpsideDown UIInterfaceOrientationLandscapeLeft UIInterfaceOrientationLandscapeRight";
				INFOPLIST_KEY_UISupportedInterfaceOrientations_iPhone = "UIInterfaceOrientationPortrait UIInterfaceOrientationLandscapeLeft UIInterfaceOrientationLandscapeRight";
				LD_RUNPATH_SEARCH_PATHS = (
					"$(inherited)",
					"@executable_path/Frameworks",
				);
				MARKETING_VERSION = 1.0;
				PRODUCT_BUNDLE_IDENTIFIER = aevin.MyLegacy;
				PRODUCT_NAME = "$(TARGET_NAME)";
				SWIFT_EMIT_LOC_STRINGS = YES;
				SWIFT_VERSION = 5.0;
				TARGETED_DEVICE_FAMILY = "1,2";
			};
			name = Release;
		};
		1B0734A828790548008C7F97 /* Debug */ = {
			isa = XCBuildConfiguration;
			buildSettings = {
				ALWAYS_EMBED_SWIFT_STANDARD_LIBRARIES = YES;
				BUNDLE_LOADER = "$(TEST_HOST)";
				CODE_SIGN_STYLE = Automatic;
				CURRENT_PROJECT_VERSION = 1;
				GENERATE_INFOPLIST_FILE = YES;
				IPHONEOS_DEPLOYMENT_TARGET = 15.5;
				MARKETING_VERSION = 1.0;
				PRODUCT_BUNDLE_IDENTIFIER = aevin.MyLegacyTests;
				PRODUCT_NAME = "$(TARGET_NAME)";
				SWIFT_EMIT_LOC_STRINGS = NO;
				SWIFT_VERSION = 5.0;
				TARGETED_DEVICE_FAMILY = "1,2";
				TEST_HOST = "$(BUILT_PRODUCTS_DIR)/MyLegacy.app/MyLegacy";
			};
			name = Debug;
		};
		1B0734A928790548008C7F97 /* Release */ = {
			isa = XCBuildConfiguration;
			buildSettings = {
				ALWAYS_EMBED_SWIFT_STANDARD_LIBRARIES = YES;
				BUNDLE_LOADER = "$(TEST_HOST)";
				CODE_SIGN_STYLE = Automatic;
				CURRENT_PROJECT_VERSION = 1;
				GENERATE_INFOPLIST_FILE = YES;
				IPHONEOS_DEPLOYMENT_TARGET = 15.5;
				MARKETING_VERSION = 1.0;
				PRODUCT_BUNDLE_IDENTIFIER = aevin.MyLegacyTests;
				PRODUCT_NAME = "$(TARGET_NAME)";
				SWIFT_EMIT_LOC_STRINGS = NO;
				SWIFT_VERSION = 5.0;
				TARGETED_DEVICE_FAMILY = "1,2";
				TEST_HOST = "$(BUILT_PRODUCTS_DIR)/MyLegacy.app/MyLegacy";
			};
			name = Release;
		};
		1B0734AB28790548008C7F97 /* Debug */ = {
			isa = XCBuildConfiguration;
			buildSettings = {
				ALWAYS_EMBED_SWIFT_STANDARD_LIBRARIES = YES;
				CODE_SIGN_STYLE = Automatic;
				CURRENT_PROJECT_VERSION = 1;
				GENERATE_INFOPLIST_FILE = YES;
				MARKETING_VERSION = 1.0;
				PRODUCT_BUNDLE_IDENTIFIER = aevin.MyLegacyUITests;
				PRODUCT_NAME = "$(TARGET_NAME)";
				SWIFT_EMIT_LOC_STRINGS = NO;
				SWIFT_VERSION = 5.0;
				TARGETED_DEVICE_FAMILY = "1,2";
				TEST_TARGET_NAME = MyLegacy;
			};
			name = Debug;
		};
		1B0734AC28790548008C7F97 /* Release */ = {
			isa = XCBuildConfiguration;
			buildSettings = {
				ALWAYS_EMBED_SWIFT_STANDARD_LIBRARIES = YES;
				CODE_SIGN_STYLE = Automatic;
				CURRENT_PROJECT_VERSION = 1;
				GENERATE_INFOPLIST_FILE = YES;
				MARKETING_VERSION = 1.0;
				PRODUCT_BUNDLE_IDENTIFIER = aevin.MyLegacyUITests;
				PRODUCT_NAME = "$(TARGET_NAME)";
				SWIFT_EMIT_LOC_STRINGS = NO;
				SWIFT_VERSION = 5.0;
				TARGETED_DEVICE_FAMILY = "1,2";
				TEST_TARGET_NAME = MyLegacy;
			};
			name = Release;
		};
/* End XCBuildConfiguration section */

/* Begin XCConfigurationList section */
		1B07347B28790546008C7F97 /* Build configuration list for PBXProject "MyLegacy" */ = {
			isa = XCConfigurationList;
			buildConfigurations = (
				1B0734A228790548008C7F97 /* Debug */,
				1B0734A328790548008C7F97 /* Release */,
			);
			defaultConfigurationIsVisible = 0;
			defaultConfigurationName = Release;
		};
		1B0734A428790548008C7F97 /* Build configuration list for PBXNativeTarget "MyLegacy" */ = {
			isa = XCConfigurationList;
			buildConfigurations = (
				1B0734A528790548008C7F97 /* Debug */,
				1B0734A628790548008C7F97 /* Release */,
			);
			defaultConfigurationIsVisible = 0;
			defaultConfigurationName = Release;
		};
		1B0734A728790548008C7F97 /* Build configuration list for PBXNativeTarget "MyLegacyTests" */ = {
			isa = XCConfigurationList;
			buildConfigurations = (
				1B0734A828790548008C7F97 /* Debug */,
				1B0734A928790548008C7F97 /* Release */,
			);
			defaultConfigurationIsVisible = 0;
			defaultConfigurationName = Release;
		};
		1B0734AA28790548008C7F97 /* Build configuration list for PBXNativeTarget "MyLegacyUITests" */ = {
			isa = XCConfigurationList;
			buildConfigurations = (
				1B0734AB28790548008C7F97 /* Debug */,
				1B0734AC28790548008C7F97 /* Release */,
			);
			defaultConfigurationIsVisible = 0;
			defaultConfigurationName = Release;
		};
/* End XCConfigurationList section */
	};
	rootObject = 1B07347828790546008C7F97 /* Project object */;
}
